{
  "version": "5",
  "specifiers": {
    "jsr:@std/assert@^1.0.14": "1.0.14",
    "jsr:@std/expect@1.0.17": "1.0.17",
    "jsr:@std/internal@^1.0.10": "1.0.10",
    "npm:iconv-lite@*": "0.6.3",
    "npm:iconv-lite@0.7.0": "0.7.0"
  },
  "jsr": {
    "@std/assert@1.0.14": {
      "integrity": "68d0d4a43b365abc927f45a9b85c639ea18a9fab96ad92281e493e4ed84abaa4",
      "dependencies": [
        "jsr:@std/internal"
      ]
    },
    "@std/expect@1.0.17": {
      "integrity": "316b47dd65c33e3151344eb3267bf42efba17d1415425f07ed96185d67fc04d9",
      "dependencies": [
        "jsr:@std/assert",
        "jsr:@std/internal"
      ]
    },
    "@std/internal@1.0.10": {
      "integrity": "e3be62ce42cab0e177c27698e5d9800122f67b766a0bea6ca4867886cbde8cf7"
    }
  },
  "npm": {
    "iconv-lite@0.6.3": {
      "integrity": "sha512-4fCk79wshMdzMp2rH06qWrJE4iolqLhCUH+OiuIgU++RB0+94NlDL81atO7GX55uUKueo0txHNtvEyI6D7WdMw==",
      "dependencies": [
        "safer-buffer"
      ]
    },
    "iconv-lite@0.7.0": {
      "integrity": "sha512-cf6L2Ds3h57VVmkZe+Pn+5APsT7FpqJtEhhieDCvrE2MK5Qk9MyffgQyuxQTm6BChfeZNtcOLHp9IcWRVcIcBQ==",
      "dependencies": [
        "safer-buffer"
      ]
    },
    "safer-buffer@2.1.2": {
      "integrity": "sha512-YZo3K82SD7Riyi0E1EQPojLz7kpepnSQI9IyPbHHg1XXXevb5dJI7tpyN2ADxGcQbHG7vcyRHk0cbwqcQriUtg=="
    }
  },
  "workspace": {
    "dependencies": [
      "jsr:@std/expect@1.0.17",
      "npm:iconv-lite@0.7.0"
    ]
  }
}
